
Microsoft Visual Studio Solution File, Format Version 12.00
# Visual Studio 15
VisualStudioVersion = 15.0.28307.329
MinimumVisualStudioVersion = 10.0.40219.1
Project("{FAE04EC0-301F-11D3-BF4B-00C04F79EFBC}") = "Http", "Http\Http.csproj", "{40A08268-D61D-4355-A849-797A1D427CCF}"
EndProject
Project("{FAE04EC0-301F-11D3-BF4B-00C04F79EFBC}") = "HttpTests", "HttpTests\HttpTests.csproj", "{D56C864E-C3EF-4A1D-B5DA-3086E0240227}"
EndProject
Project("{FAE04EC0-301F-11D3-BF4B-00C04F79EFBC}") = "Proxy", "Proxy\Proxy.csproj", "{F812482F-C1F2-47D4-9A15-F591520C34E6}"
EndProject
Project("{FAE04EC0-301F-11D3-BF4B-00C04F79EFBC}") = "Runner", "Runner\Runner.csproj", "{66C42CCE-C365-40A3-9C76-A62E5E1198F8}"
EndProject
Project("{FAE04EC0-301F-11D3-BF4B-00C04F79EFBC}") = "TestServer", "TestServer\TestServer.csproj", "{F8ED0408-9D3D-49D8-A85B-915D9E9ED3C3}"
EndProject
Global
	GlobalSection(SolutionConfigurationPlatforms) = preSolution
		Debug|Any CPU = Debug|Any CPU
		Release|Any CPU = Release|Any CPU
	EndGlobalSection
	GlobalSection(ProjectConfigurationPlatforms) = postSolution
		{40A08268-D61D-4355-A849-797A1D427CCF}.Debug|Any CPU.ActiveCfg = Debug|Any CPU
		{40A08268-D61D-4355-A849-797A1D427CCF}.Debug|Any CPU.Build.0 = Debug|Any CPU
		{40A08268-D61D-4355-A849-797A1D427CCF}.Release|Any CPU.ActiveCfg = Release|Any CPU
		{40A08268-D61D-4355-A849-797A1D427CCF}.Release|Any CPU.Build.0 = Release|Any CPU
		{D56C864E-C3EF-4A1D-B5DA-3086E0240227}.Debug|Any CPU.ActiveCfg = Debug|Any CPU
		{D56C864E-C3EF-4A1D-B5DA-3086E0240227}.Debug|Any CPU.Build.0 = Debug|Any CPU
		{D56C864E-C3EF-4A1D-B5DA-3086E0240227}.Release|Any CPU.ActiveCfg = Release|Any CPU
		{D56C864E-C3EF-4A1D-B5DA-3086E0240227}.Release|Any CPU.Build.0 = Release|Any CPU
		{F812482F-C1F2-47D4-9A15-F591520C34E6}.Debug|Any CPU.ActiveCfg = Debug|Any CPU
		{F812482F-C1F2-47D4-9A15-F591520C34E6}.Debug|Any CPU.Build.0 = Debug|Any CPU
		{F812482F-C1F2-47D4-9A15-F591520C34E6}.Release|Any CPU.ActiveCfg = Release|Any CPU
		{F812482F-C1F2-47D4-9A15-F591520C34E6}.Release|Any CPU.Build.0 = Release|Any CPU
		{66C42CCE-C365-40A3-9C76-A62E5E1198F8}.Debug|Any CPU.ActiveCfg = Debug|Any CPU
		{66C42CCE-C365-40A3-9C76-A62E5E1198F8}.Debug|Any CPU.Build.0 = Debug|Any CPU
		{66C42CCE-C365-40A3-9C76-A62E5E1198F8}.Release|Any CPU.ActiveCfg = Release|Any CPU
		{66C42CCE-C365-40A3-9C76-A62E5E1198F8}.Release|Any CPU.Build.0 = Release|Any CPU
		{F8ED0408-9D3D-49D8-A85B-915D9E9ED3C3}.Debug|Any CPU.ActiveCfg = Debug|Any CPU
		{F8ED0408-9D3D-49D8-A85B-915D9E9ED3C3}.Debug|Any CPU.Build.0 = Debug|Any CPU
		{F8ED0408-9D3D-49D8-A85B-915D9E9ED3C3}.Release|Any CPU.ActiveCfg = Release|Any CPU
		{F8ED0408-9D3D-49D8-A85B-915D9E9ED3C3}.Release|Any CPU.Build.0 = Release|Any CPU
	EndGlobalSection
	GlobalSection(SolutionProperties) = preSolution
		HideSolutionNode = FALSE
	EndGlobalSection
	GlobalSection(ExtensibilityGlobals) = postSolution
		SolutionGuid = {BB4D52BE-C01D-4BBE-B104-E6217DE6350A}
	EndGlobalSection
EndGlobal
