
Microsoft Visual Studio Solution File, Format Version 12.00
# Visual Studio 15
VisualStudioVersion = 15.0.28307.329
MinimumVisualStudioVersion = 10.0.40219.1
Project("{FAE04EC0-301F-11D3-BF4B-00C04F79EFBC}") = "Http", "Http\Http.csproj", "{40A08268-D61D-4355-A849-797A1D427CCF}"
EndProject
Project("{FAE04EC0-301F-11D3-BF4B-00C04F79EFBC}") = "Tests", "Tests\Tests.csproj", "{549429A8-1A77-4789-AFE8-6B6CB43E8DE8}"
EndProject
Project("{FAE04EC0-301F-11D3-BF4B-00C04F79EFBC}") = "GUI", "GUI\GUI.csproj", "{E83755F7-0443-44EB-9094-7CB0AED63F26}"
EndProject
Project("{FAE04EC0-301F-11D3-BF4B-00C04F79EFBC}") = "LoadBalancer", "LoadBalancer\LoadBalancer.csproj", "{E8BA56BC-11E6-4DBC-A849-E10A78974B43}"
EndProject
Global
	GlobalSection(SolutionConfigurationPlatforms) = preSolution
		Debug|Any CPU = Debug|Any CPU
		Release|Any CPU = Release|Any CPU
	EndGlobalSection
	GlobalSection(ProjectConfigurationPlatforms) = postSolution
		{40A08268-D61D-4355-A849-797A1D427CCF}.Debug|Any CPU.ActiveCfg = Debug|Any CPU
		{40A08268-D61D-4355-A849-797A1D427CCF}.Debug|Any CPU.Build.0 = Debug|Any CPU
		{40A08268-D61D-4355-A849-797A1D427CCF}.Release|Any CPU.ActiveCfg = Release|Any CPU
		{40A08268-D61D-4355-A849-797A1D427CCF}.Release|Any CPU.Build.0 = Release|Any CPU
		{549429A8-1A77-4789-AFE8-6B6CB43E8DE8}.Debug|Any CPU.ActiveCfg = Debug|Any CPU
		{549429A8-1A77-4789-AFE8-6B6CB43E8DE8}.Debug|Any CPU.Build.0 = Debug|Any CPU
		{549429A8-1A77-4789-AFE8-6B6CB43E8DE8}.Release|Any CPU.ActiveCfg = Release|Any CPU
		{549429A8-1A77-4789-AFE8-6B6CB43E8DE8}.Release|Any CPU.Build.0 = Release|Any CPU
		{E83755F7-0443-44EB-9094-7CB0AED63F26}.Debug|Any CPU.ActiveCfg = Debug|Any CPU
		{E83755F7-0443-44EB-9094-7CB0AED63F26}.Debug|Any CPU.Build.0 = Debug|Any CPU
		{E83755F7-0443-44EB-9094-7CB0AED63F26}.Release|Any CPU.ActiveCfg = Release|Any CPU
		{E83755F7-0443-44EB-9094-7CB0AED63F26}.Release|Any CPU.Build.0 = Release|Any CPU
		{E8BA56BC-11E6-4DBC-A849-E10A78974B43}.Debug|Any CPU.ActiveCfg = Debug|Any CPU
		{E8BA56BC-11E6-4DBC-A849-E10A78974B43}.Debug|Any CPU.Build.0 = Debug|Any CPU
		{E8BA56BC-11E6-4DBC-A849-E10A78974B43}.Release|Any CPU.ActiveCfg = Release|Any CPU
		{E8BA56BC-11E6-4DBC-A849-E10A78974B43}.Release|Any CPU.Build.0 = Release|Any CPU
	EndGlobalSection
	GlobalSection(SolutionProperties) = preSolution
		HideSolutionNode = FALSE
	EndGlobalSection
	GlobalSection(ExtensibilityGlobals) = postSolution
		SolutionGuid = {BB4D52BE-C01D-4BBE-B104-E6217DE6350A}
	EndGlobalSection
EndGlobal
